annotated-doc==0.0.5
anyio==4.15.0
beautifulsoup4==4.15.0
certifi==2026.7.22
greenlet==3.5.5
h11==0.16.0
httpcore==1.0.9
httpx==0.28.1
idna==3.19
img2pdf==0.6.3
lxml==6.1.3
-e git+https://github.com/angeline1986/mangago_downloader.git@441f01b777e99ecce22b2aee542adb6376e9c572#egg=mangago_downloader
markdown-it-py==4.2.0
mdurl==0.1.2
packaging==26.3
pikepdf==10.12.0
pillow==12.3.0
playwright==1.62.0
pyee==13.0.1
Pygments==2.21.0
PyQt6==6.11.0
PyQt6-Qt6==6.11.2
PyQt6_sip==13.12.0
rich==15.0.0
shellingham==1.5.4
soupsieve==2.9.2
typer==0.27.2
typing_extensions==4.16.0
